
Microsoft Visual Studio Solution File, Format Version 12.00
# Visual Studio Version 16
VisualStudioVersion = 16.0.29728.190
MinimumVisualStudioVersion = 10.0.40219.1
Project("{FAE04EC0-301F-11D3-BF4B-00C04F79EFBC}") = "systemAnalyze2", "systemAnalyze2\systemAnalyze2.csproj", "{A8A4C945-301B-4179-ADC5-C2D5DE5EF2FE}"
EndProject
Global
	GlobalSection(SolutionConfigurationPlatforms) = preSolution
		Debug|Any CPU = Debug|Any CPU
		Release|Any CPU = Release|Any CPU
	EndGlobalSection
	GlobalSection(ProjectConfigurationPlatforms) = postSolution
		{A8A4C945-301B-4179-ADC5-C2D5DE5EF2FE}.Debug|Any CPU.ActiveCfg = Debug|Any CPU
		{A8A4C945-301B-4179-ADC5-C2D5DE5EF2FE}.Debug|Any CPU.Build.0 = Debug|Any CPU
		{A8A4C945-301B-4179-ADC5-C2D5DE5EF2FE}.Release|Any CPU.ActiveCfg = Release|Any CPU
		{A8A4C945-301B-4179-ADC5-C2D5DE5EF2FE}.Release|Any CPU.Build.0 = Release|Any CPU
	EndGlobalSection
	GlobalSection(SolutionProperties) = preSolution
		HideSolutionNode = FALSE
	EndGlobalSection
	GlobalSection(ExtensibilityGlobals) = postSolution
		SolutionGuid = {81BE11B0-B8F4-484E-B941-2626608B6C3F}
	EndGlobalSection
EndGlobal
